
Microsoft Visual Studio Solution File, Format Version 12.00
# Visual Studio Version 16
VisualStudioVersion = 16.0.30717.126
MinimumVisualStudioVersion = 10.0.40219.1
Project("{FAE04EC0-301F-11D3-BF4B-00C04F79EFBC}") = "101062225_eventManagement_project", "101062225_eventManagement_project\101062225_eventManagement_project.csproj", "{31706946-6282-4706-8F3C-D1B07447CE08}"
EndProject
Global
	GlobalSection(SolutionConfigurationPlatforms) = preSolution
		Debug|Any CPU = Debug|Any CPU
		Release|Any CPU = Release|Any CPU
	EndGlobalSection
	GlobalSection(ProjectConfigurationPlatforms) = postSolution
		{31706946-6282-4706-8F3C-D1B07447CE08}.Debug|Any CPU.ActiveCfg = Debug|Any CPU
		{31706946-6282-4706-8F3C-D1B07447CE08}.Debug|Any CPU.Build.0 = Debug|Any CPU
		{31706946-6282-4706-8F3C-D1B07447CE08}.Release|Any CPU.ActiveCfg = Release|Any CPU
		{31706946-6282-4706-8F3C-D1B07447CE08}.Release|Any CPU.Build.0 = Release|Any CPU
	EndGlobalSection
	GlobalSection(SolutionProperties) = preSolution
		HideSolutionNode = FALSE
	EndGlobalSection
	GlobalSection(ExtensibilityGlobals) = postSolution
		SolutionGuid = {80180C68-4732-41B8-8E17-3548AF88421B}
	EndGlobalSection
EndGlobal
